
Microsoft Visual Studio Solution File, Format Version 12.00
# Visual Studio Version 17
VisualStudioVersion = 17.7.34202.233
MinimumVisualStudioVersion = 10.0.40219.1
Project("{9A19103F-16F7-4668-BE54-9A1E7A4F7556}") = "Domain", "Domain\Domain.csproj", "{C0EEE734-C663-4015-BF14-72657ABE95B1}"
EndProject
Project("{9A19103F-16F7-4668-BE54-9A1E7A4F7556}") = "Application", "Application\Application.csproj", "{01BE8D9C-0474-4C32-B7B2-87410123C337}"
EndProject
Project("{9A19103F-16F7-4668-BE54-9A1E7A4F7556}") = "Persistence", "Persistence\Persistence.csproj", "{921B03A7-7BA8-402E-9E84-2DEFE024F78F}"
EndProject
Project("{9A19103F-16F7-4668-BE54-9A1E7A4F7556}") = "WebAPI", "WebAPI\WebAPI.csproj", "{168A7B14-ED5A-4684-B0E9-20D1D28A8488}"
EndProject
Project("{9A19103F-16F7-4668-BE54-9A1E7A4F7556}") = "CatalogServiceTest", "CatalogServiceTest\CatalogServiceTest.csproj", "{C481002C-190C-446D-AB6B-9AF24F33653B}"
EndProject
Global
	GlobalSection(SolutionConfigurationPlatforms) = preSolution
		Debug|Any CPU = Debug|Any CPU
		Release|Any CPU = Release|Any CPU
	EndGlobalSection
	GlobalSection(ProjectConfigurationPlatforms) = postSolution
		{C0EEE734-C663-4015-BF14-72657ABE95B1}.Debug|Any CPU.ActiveCfg = Debug|Any CPU
		{C0EEE734-C663-4015-BF14-72657ABE95B1}.Debug|Any CPU.Build.0 = Debug|Any CPU
		{C0EEE734-C663-4015-BF14-72657ABE95B1}.Release|Any CPU.ActiveCfg = Release|Any CPU
		{C0EEE734-C663-4015-BF14-72657ABE95B1}.Release|Any CPU.Build.0 = Release|Any CPU
		{01BE8D9C-0474-4C32-B7B2-87410123C337}.Debug|Any CPU.ActiveCfg = Debug|Any CPU
		{01BE8D9C-0474-4C32-B7B2-87410123C337}.Debug|Any CPU.Build.0 = Debug|Any CPU
		{01BE8D9C-0474-4C32-B7B2-87410123C337}.Release|Any CPU.ActiveCfg = Release|Any CPU
		{01BE8D9C-0474-4C32-B7B2-87410123C337}.Release|Any CPU.Build.0 = Release|Any CPU
		{921B03A7-7BA8-402E-9E84-2DEFE024F78F}.Debug|Any CPU.ActiveCfg = Debug|Any CPU
		{921B03A7-7BA8-402E-9E84-2DEFE024F78F}.Debug|Any CPU.Build.0 = Debug|Any CPU
		{921B03A7-7BA8-402E-9E84-2DEFE024F78F}.Release|Any CPU.ActiveCfg = Release|Any CPU
		{921B03A7-7BA8-402E-9E84-2DEFE024F78F}.Release|Any CPU.Build.0 = Release|Any CPU
		{168A7B14-ED5A-4684-B0E9-20D1D28A8488}.Debug|Any CPU.ActiveCfg = Debug|Any CPU
		{168A7B14-ED5A-4684-B0E9-20D1D28A8488}.Debug|Any CPU.Build.0 = Debug|Any CPU
		{168A7B14-ED5A-4684-B0E9-20D1D28A8488}.Release|Any CPU.ActiveCfg = Release|Any CPU
		{168A7B14-ED5A-4684-B0E9-20D1D28A8488}.Release|Any CPU.Build.0 = Release|Any CPU
		{C481002C-190C-446D-AB6B-9AF24F33653B}.Debug|Any CPU.ActiveCfg = Debug|Any CPU
		{C481002C-190C-446D-AB6B-9AF24F33653B}.Debug|Any CPU.Build.0 = Debug|Any CPU
		{C481002C-190C-446D-AB6B-9AF24F33653B}.Release|Any CPU.ActiveCfg = Release|Any CPU
		{C481002C-190C-446D-AB6B-9AF24F33653B}.Release|Any CPU.Build.0 = Release|Any CPU
	EndGlobalSection
	GlobalSection(SolutionProperties) = preSolution
		HideSolutionNode = FALSE
	EndGlobalSection
	GlobalSection(ExtensibilityGlobals) = postSolution
		SolutionGuid = {661BA6DA-020F-4CFB-9DB5-800280DF7E88}
	EndGlobalSection
EndGlobal
